
Microsoft Visual Studio Solution File, Format Version 12.00
# Visual Studio Version 16
VisualStudioVersion = 16.0.32602.291
MinimumVisualStudioVersion = 10.0.40219.1
Project("{8BC9CEB8-8B4A-11D0-8D11-00A0C91BC942}") = "Code_316", "Code_316.vcxproj", "{ACD04807-8358-428C-8A82-F4C74FC6ACDA}"
EndProject
Global
	GlobalSection(SolutionConfigurationPlatforms) = preSolution
		Debug|x64 = Debug|x64
		Debug|x86 = Debug|x86
		Release|x64 = Release|x64
		Release|x86 = Release|x86
	EndGlobalSection
	GlobalSection(ProjectConfigurationPlatforms) = postSolution
		{ACD04807-8358-428C-8A82-F4C74FC6ACDA}.Debug|x64.ActiveCfg = Debug|x64
		{ACD04807-8358-428C-8A82-F4C74FC6ACDA}.Debug|x64.Build.0 = Debug|x64
		{ACD04807-8358-428C-8A82-F4C74FC6ACDA}.Debug|x86.ActiveCfg = Debug|Win32
		{ACD04807-8358-428C-8A82-F4C74FC6ACDA}.Debug|x86.Build.0 = Debug|Win32
		{ACD04807-8358-428C-8A82-F4C74FC6ACDA}.Release|x64.ActiveCfg = Release|x64
		{ACD04807-8358-428C-8A82-F4C74FC6ACDA}.Release|x64.Build.0 = Release|x64
		{ACD04807-8358-428C-8A82-F4C74FC6ACDA}.Release|x86.ActiveCfg = Release|Win32
		{ACD04807-8358-428C-8A82-F4C74FC6ACDA}.Release|x86.Build.0 = Release|Win32
	EndGlobalSection
	GlobalSection(SolutionProperties) = preSolution
		HideSolutionNode = FALSE
	EndGlobalSection
	GlobalSection(ExtensibilityGlobals) = postSolution
		SolutionGuid = {F0E4E600-C759-422D-ACA4-F106E90053C6}
	EndGlobalSection
EndGlobal
